
Microsoft Visual Studio Solution File, Format Version 12.00
# Visual Studio Version 17
VisualStudioVersion = 17.1.32328.378
MinimumVisualStudioVersion = 10.0.40219.1
Project("{FAE04EC0-301F-11D3-BF4B-00C04F79EFBC}") = "TgCurrencyBot", "TgCurrencyBot.csproj", "{F1958A61-306C-4E7D-9A5F-CD64945741DD}"
EndProject
Global
	GlobalSection(SolutionConfigurationPlatforms) = preSolution
		Debug|Any CPU = Debug|Any CPU
		Release|Any CPU = Release|Any CPU
	EndGlobalSection
	GlobalSection(ProjectConfigurationPlatforms) = postSolution
		{F1958A61-306C-4E7D-9A5F-CD64945741DD}.Debug|Any CPU.ActiveCfg = Debug|Any CPU
		{F1958A61-306C-4E7D-9A5F-CD64945741DD}.Debug|Any CPU.Build.0 = Debug|Any CPU
		{F1958A61-306C-4E7D-9A5F-CD64945741DD}.Release|Any CPU.ActiveCfg = Release|Any CPU
		{F1958A61-306C-4E7D-9A5F-CD64945741DD}.Release|Any CPU.Build.0 = Release|Any CPU
	EndGlobalSection
	GlobalSection(SolutionProperties) = preSolution
		HideSolutionNode = FALSE
	EndGlobalSection
	GlobalSection(ExtensibilityGlobals) = postSolution
		SolutionGuid = {36A3F75F-6A15-4221-A14B-A7943FE3608C}
	EndGlobalSection
EndGlobal
